
Microsoft Visual Studio Solution File, Format Version 12.00
Project("{FAE04EC0-301F-11D3-BF4B-00C04F79EFBC}") = "EdgeTweaker", "EdgeTweaker\EdgeTweaker.csproj", "{B0AD0ADE-EA47-429C-BA7A-594E296E301C}"
EndProject
Global
	GlobalSection(SolutionConfigurationPlatforms) = preSolution
		Debug|Any CPU = Debug|Any CPU
		Release|Any CPU = Release|Any CPU
	EndGlobalSection
	GlobalSection(ProjectConfigurationPlatforms) = postSolution
		{B0AD0ADE-EA47-429C-BA7A-594E296E301C}.Debug|Any CPU.ActiveCfg = Debug|Any CPU
		{B0AD0ADE-EA47-429C-BA7A-594E296E301C}.Debug|Any CPU.Build.0 = Debug|Any CPU
		{B0AD0ADE-EA47-429C-BA7A-594E296E301C}.Release|Any CPU.ActiveCfg = Release|Any CPU
		{B0AD0ADE-EA47-429C-BA7A-594E296E301C}.Release|Any CPU.Build.0 = Release|Any CPU
	EndGlobalSection
EndGlobal
